
Microsoft Visual Studio Solution File, Format Version 12.00
# Visual Studio Version 16
VisualStudioVersion = 16.0.31911.196
MinimumVisualStudioVersion = 10.0.40219.1
Project("{8BC9CEB8-8B4A-11D0-8D11-00A0C91BC942}") = "ConvertPatientIDsConsole", "ConvertPatientIDsConsole.vcxproj", "{B9078C7E-BD52-46FA-8E3C-4C3753FCEBE1}"
EndProject
Global
	GlobalSection(SolutionConfigurationPlatforms) = preSolution
		Debug|x64 = Debug|x64
		Debug|x86 = Debug|x86
		Release|x64 = Release|x64
		Release|x86 = Release|x86
	EndGlobalSection
	GlobalSection(ProjectConfigurationPlatforms) = postSolution
		{B9078C7E-BD52-46FA-8E3C-4C3753FCEBE1}.Debug|x64.ActiveCfg = Debug|x64
		{B9078C7E-BD52-46FA-8E3C-4C3753FCEBE1}.Debug|x64.Build.0 = Debug|x64
		{B9078C7E-BD52-46FA-8E3C-4C3753FCEBE1}.Debug|x86.ActiveCfg = Debug|Win32
		{B9078C7E-BD52-46FA-8E3C-4C3753FCEBE1}.Debug|x86.Build.0 = Debug|Win32
		{B9078C7E-BD52-46FA-8E3C-4C3753FCEBE1}.Release|x64.ActiveCfg = Release|x64
		{B9078C7E-BD52-46FA-8E3C-4C3753FCEBE1}.Release|x64.Build.0 = Release|x64
		{B9078C7E-BD52-46FA-8E3C-4C3753FCEBE1}.Release|x86.ActiveCfg = Release|Win32
		{B9078C7E-BD52-46FA-8E3C-4C3753FCEBE1}.Release|x86.Build.0 = Release|Win32
	EndGlobalSection
	GlobalSection(SolutionProperties) = preSolution
		HideSolutionNode = FALSE
	EndGlobalSection
	GlobalSection(ExtensibilityGlobals) = postSolution
		SolutionGuid = {844AE02C-D2E3-4DEC-9B09-77A8013ECD09}
	EndGlobalSection
EndGlobal
